// !$*UTF8*$!
{
	archiveVersion = 1;
	classes = {
	};
	objectVersion = 77;
	objects = {

/* Begin PBXBuildFile section */
		B52C66B52D0966BB00A526CB /* LiveCameraImage.swift in Sources */ = {isa = PBXBuildFile; fileRef = B52C66B42D0966BB00A526CB /* LiveCameraImage.swift */; };
		B54BAA702D0F81EA00A27586 /* README.markdown in Resources */ = {isa = PBXBuildFile; fileRef = B54BAA6F2D0F81EA00A27586 /* README.markdown */; };
		B57F63F42D0AFC9B008AB84E /* IndicatorSitup.swift in Sources */ = {isa = PBXBuildFile; fileRef = B57F63F32D0AFC9A008AB84E /* IndicatorSitup.swift */; };
		B57F63F62D0AFD55008AB84E /* Count.swift in Sources */ = {isa = PBXBuildFile; fileRef = B57F63F52D0AFD55008AB84E /* Count.swift */; };
		B57F63FB2D0AFF0E008AB84E /* situpicon.png in Resources */ = {isa = PBXBuildFile; fileRef = B57F63F92D0AFF0E008AB84E /* situpicon.png */; };
		B57F63FC2D0AFF0E008AB84E /* squaticon.png in Resources */ = {isa = PBXBuildFile; fileRef = B57F63FA2D0AFF0E008AB84E /* squaticon.png */; };
		B57F63FD2D0AFF0E008AB84E /* pushupicon.png in Resources */ = {isa = PBXBuildFile; fileRef = B57F63F82D0AFF0E008AB84E /* pushupicon.png */; };
		B57F63FE2D0AFF0E008AB84E /* lungeicon.png in Resources */ = {isa = PBXBuildFile; fileRef = B57F63F72D0AFF0E008AB84E /* lungeicon.png */; };
		B59E177F2CE3EBFD0037DA39 /* FitViewApp.swift in Sources */ = {isa = PBXBuildFile; fileRef = B59E17762CE3EBFD0037DA39 /* FitViewApp.swift */; };
		B59E17812CE3EBFD0037DA39 /* PlatformAgnosticViewRepresentable.swift in Sources */ = {isa = PBXBuildFile; fileRef = B59E17782CE3EBFD0037DA39 /* PlatformAgnosticViewRepresentable.swift */; };
		B59E17842CE3EBFD0037DA39 /* ViewModel.swift in Sources */ = {isa = PBXBuildFile; fileRef = B59E177B2CE3EBFD0037DA39 /* ViewModel.swift */; };
		B59E17852CE3EBFD0037DA39 /* Preview Assets.xcassets in Resources */ = {isa = PBXBuildFile; fileRef = B59E17702CE3EBFD0037DA39 /* Preview Assets.xcassets */; };
		B59E17862CE3EBFD0037DA39 /* Assets.xcassets in Resources */ = {isa = PBXBuildFile; fileRef = B59E17722CE3EBFD0037DA39 /* Assets.xcassets */; };
		B59E17882CE40ECE0037DA39 /* MobileView.swift in Sources */ = {isa = PBXBuildFile; fileRef = B59E17872CE40ECE0037DA39 /* MobileView.swift */; };
		B59E178A2CE40F4C0037DA39 /* Extensions.swift in Sources */ = {isa = PBXBuildFile; fileRef = B59E17892CE40F4C0037DA39 /* Extensions.swift */; };
/* End PBXBuildFile section */

/* Begin PBXContainerItemProxy section */
		B5AC1A5C2CCEF186000AFE8C /* PBXContainerItemProxy */ = {
			isa = PBXContainerItemProxy;
			containerPortal = B5AC1A422CCEF184000AFE8C /* Project object */;
			proxyType = 1;
			remoteGlobalIDString = B5AC1A492CCEF184000AFE8C;
			remoteInfo = FitView;
		};
		B5AC1A662CCEF186000AFE8C /* PBXContainerItemProxy */ = {
			isa = PBXContainerItemProxy;
			containerPortal = B5AC1A422CCEF184000AFE8C /* Project object */;
			proxyType = 1;
			remoteGlobalIDString = B5AC1A492CCEF184000AFE8C;
			remoteInfo = FitView;
		};
/* End PBXContainerItemProxy section */

/* Begin PBXFileReference section */
		B52C66B42D0966BB00A526CB /* LiveCameraImage.swift */ = {isa = PBXFileReference; lastKnownFileType = sourcecode.swift; path = LiveCameraImage.swift; sourceTree = "<group>"; };
		B54BAA6F2D0F81EA00A27586 /* README.markdown */ = {isa = PBXFileReference; lastKnownFileType = net.daringfireball.markdown; path = README.markdown; sourceTree = "<group>"; };
		B57F63F32D0AFC9A008AB84E /* IndicatorSitup.swift */ = {isa = PBXFileReference; lastKnownFileType = sourcecode.swift; path = IndicatorSitup.swift; sourceTree = "<group>"; };
		B57F63F52D0AFD55008AB84E /* Count.swift */ = {isa = PBXFileReference; lastKnownFileType = sourcecode.swift; path = Count.swift; sourceTree = "<group>"; };
		B57F63F72D0AFF0E008AB84E /* lungeicon.png */ = {isa = PBXFileReference; lastKnownFileType = image.png; path = lungeicon.png; sourceTree = "<group>"; };
		B57F63F82D0AFF0E008AB84E /* pushupicon.png */ = {isa = PBXFileReference; lastKnownFileType = image.png; path = pushupicon.png; sourceTree = "<group>"; };
		B57F63F92D0AFF0E008AB84E /* situpicon.png */ = {isa = PBXFileReference; lastKnownFileType = image.png; path = situpicon.png; sourceTree = "<group>"; };
		B57F63FA2D0AFF0E008AB84E /* squaticon.png */ = {isa = PBXFileReference; lastKnownFileType = image.png; path = squaticon.png; sourceTree = "<group>"; };
		B59E17702CE3EBFD0037DA39 /* Preview Assets.xcassets */ = {isa = PBXFileReference; lastKnownFileType = folder.assetcatalog; path = "Preview Assets.xcassets"; sourceTree = "<group>"; };
		B59E17722CE3EBFD0037DA39 /* Assets.xcassets */ = {isa = PBXFileReference; lastKnownFileType = folder.assetcatalog; path = Assets.xcassets; sourceTree = "<group>"; };
		B59E17752CE3EBFD0037DA39 /* FitView.entitlements */ = {isa = PBXFileReference; lastKnownFileType = text.plist.entitlements; path = FitView.entitlements; sourceTree = "<group>"; };
		B59E17762CE3EBFD0037DA39 /* FitViewApp.swift */ = {isa = PBXFileReference; lastKnownFileType = sourcecode.swift; path = FitViewApp.swift; sourceTree = "<group>"; };
		B59E17782CE3EBFD0037DA39 /* PlatformAgnosticViewRepresentable.swift */ = {isa = PBXFileReference; lastKnownFileType = sourcecode.swift; path = PlatformAgnosticViewRepresentable.swift; sourceTree = "<group>"; };
		B59E177B2CE3EBFD0037DA39 /* ViewModel.swift */ = {isa = PBXFileReference; lastKnownFileType = sourcecode.swift; path = ViewModel.swift; sourceTree = "<group>"; };
		B59E17872CE40ECE0037DA39 /* MobileView.swift */ = {isa = PBXFileReference; lastKnownFileType = sourcecode.swift; path = MobileView.swift; sourceTree = "<group>"; };
		B59E17892CE40F4C0037DA39 /* Extensions.swift */ = {isa = PBXFileReference; lastKnownFileType = sourcecode.swift; path = Extensions.swift; sourceTree = "<group>"; };
		B5AC1A4A2CCEF184000AFE8C /* FitView.app */ = {isa = PBXFileReference; explicitFileType = wrapper.application; includeInIndex = 0; path = FitView.app; sourceTree = BUILT_PRODUCTS_DIR; };
		B5AC1A5B2CCEF186000AFE8C /* FitViewTests.xctest */ = {isa = PBXFileReference; explicitFileType = wrapper.cfbundle; includeInIndex = 0; path = FitViewTests.xctest; sourceTree = BUILT_PRODUCTS_DIR; };
		B5AC1A652CCEF186000AFE8C /* FitViewUITests.xctest */ = {isa = PBXFileReference; explicitFileType = wrapper.cfbundle; includeInIndex = 0; path = FitViewUITests.xctest; sourceTree = BUILT_PRODUCTS_DIR; };
/* End PBXFileReference section */

/* Begin PBXFileSystemSynchronizedRootGroup section */
		B5AC1A5E2CCEF186000AFE8C /* FitViewTests */ = {
			isa = PBXFileSystemSynchronizedRootGroup;
			path = FitViewTests;
			sourceTree = "<group>";
		};
		B5AC1A682CCEF186000AFE8C /* FitViewUITests */ = {
			isa = PBXFileSystemSynchronizedRootGroup;
			path = FitViewUITests;
			sourceTree = "<group>";
		};
/* End PBXFileSystemSynchronizedRootGroup section */

/* Begin PBXFrameworksBuildPhase section */
		B5AC1A472CCEF184000AFE8C /* Frameworks */ = {
			isa = PBXFrameworksBuildPhase;
			buildActionMask = 2147483647;
			files = (
			);
			runOnlyForDeploymentPostprocessing = 0;
		};
		B5AC1A582CCEF186000AFE8C /* Frameworks */ = {
			isa = PBXFrameworksBuildPhase;
			buildActionMask = 2147483647;
			files = (
			);
			runOnlyForDeploymentPostprocessing = 0;
		};
		B5AC1A622CCEF186000AFE8C /* Frameworks */ = {
			isa = PBXFrameworksBuildPhase;
			buildActionMask = 2147483647;
			files = (
			);
			runOnlyForDeploymentPostprocessing = 0;
		};
/* End PBXFrameworksBuildPhase section */

/* Begin PBXGroup section */
		B52C66B62D0966BF00A526CB /* MasterUI */ = {
			isa = PBXGroup;
			children = (
				B52C66B42D0966BB00A526CB /* LiveCameraImage.swift */,
				B57F63F32D0AFC9A008AB84E /* IndicatorSitup.swift */,
				B57F63F52D0AFD55008AB84E /* Count.swift */,
			);
			path = MasterUI;
			sourceTree = "<group>";
		};
		B54BAA6E2D0F2C6D00A27586 /* Helpers */ = {
			isa = PBXGroup;
			children = (
				B59E17892CE40F4C0037DA39 /* Extensions.swift */,
				B59E17782CE3EBFD0037DA39 /* PlatformAgnosticViewRepresentable.swift */,
			);
			path = Helpers;
			sourceTree = "<group>";
		};
		B57F63FF2D0AFF12008AB84E /* icons */ = {
			isa = PBXGroup;
			children = (
				B57F63F72D0AFF0E008AB84E /* lungeicon.png */,
				B57F63F82D0AFF0E008AB84E /* pushupicon.png */,
				B57F63F92D0AFF0E008AB84E /* situpicon.png */,
				B57F63FA2D0AFF0E008AB84E /* squaticon.png */,
			);
			path = icons;
			sourceTree = "<group>";
		};
		B59E17712CE3EBFD0037DA39 /* Preview Content */ = {
			isa = PBXGroup;
			children = (
				B59E17702CE3EBFD0037DA39 /* Preview Assets.xcassets */,
			);
			path = "Preview Content";
			sourceTree = "<group>";
		};
		B59E177C2CE3EBFD0037DA39 /* FitView */ = {
			isa = PBXGroup;
			children = (
				B59E17712CE3EBFD0037DA39 /* Preview Content */,
				B59E17722CE3EBFD0037DA39 /* Assets.xcassets */,
				B57F63FF2D0AFF12008AB84E /* icons */,
				B59E17872CE40ECE0037DA39 /* MobileView.swift */,
				B54BAA6E2D0F2C6D00A27586 /* Helpers */,
				B52C66B62D0966BF00A526CB /* MasterUI */,
				B59E17752CE3EBFD0037DA39 /* FitView.entitlements */,
				B59E17762CE3EBFD0037DA39 /* FitViewApp.swift */,
				B59E177B2CE3EBFD0037DA39 /* ViewModel.swift */,
				B54BAA6F2D0F81EA00A27586 /* README.markdown */,
			);
			path = FitView;
			sourceTree = "<group>";
		};
		B5AC1A412CCEF184000AFE8C = {
			isa = PBXGroup;
			children = (
				B59E177C2CE3EBFD0037DA39 /* FitView */,
				B5AC1A5E2CCEF186000AFE8C /* FitViewTests */,
				B5AC1A682CCEF186000AFE8C /* FitViewUITests */,
				B5AC1A4B2CCEF184000AFE8C /* Products */,
			);
			sourceTree = "<group>";
		};
		B5AC1A4B2CCEF184000AFE8C /* Products */ = {
			isa = PBXGroup;
			children = (
				B5AC1A4A2CCEF184000AFE8C /* FitView.app */,
				B5AC1A5B2CCEF186000AFE8C /* FitViewTests.xctest */,
				B5AC1A652CCEF186000AFE8C /* FitViewUITests.xctest */,
			);
			name = Products;
			sourceTree = "<group>";
		};
/* End PBXGroup section */

/* Begin PBXNativeTarget section */
		B5AC1A492CCEF184000AFE8C /* FitView */ = {
			isa = PBXNativeTarget;
			buildConfigurationList = B5AC1A6F2CCEF186000AFE8C /* Build configuration list for PBXNativeTarget "FitView" */;
			buildPhases = (
				B5AC1A462CCEF184000AFE8C /* Sources */,
				B5AC1A472CCEF184000AFE8C /* Frameworks */,
				B5AC1A482CCEF184000AFE8C /* Resources */,
			);
			buildRules = (
			);
			dependencies = (
			);
			name = FitView;
			packageProductDependencies = (
			);
			productName = FitView;
			productReference = B5AC1A4A2CCEF184000AFE8C /* FitView.app */;
			productType = "com.apple.product-type.application";
		};
		B5AC1A5A2CCEF186000AFE8C /* FitViewTests */ = {
			isa = PBXNativeTarget;
			buildConfigurationList = B5AC1A722CCEF186000AFE8C /* Build configuration list for PBXNativeTarget "FitViewTests" */;
			buildPhases = (
				B5AC1A572CCEF186000AFE8C /* Sources */,
				B5AC1A582CCEF186000AFE8C /* Frameworks */,
				B5AC1A592CCEF186000AFE8C /* Resources */,
			);
			buildRules = (
			);
			dependencies = (
				B5AC1A5D2CCEF186000AFE8C /* PBXTargetDependency */,
			);
			fileSystemSynchronizedGroups = (
				B5AC1A5E2CCEF186000AFE8C /* FitViewTests */,
			);
			name = FitViewTests;
			packageProductDependencies = (
			);
			productName = FitViewTests;
			productReference = B5AC1A5B2CCEF186000AFE8C /* FitViewTests.xctest */;
			productType = "com.apple.product-type.bundle.unit-test";
		};
		B5AC1A642CCEF186000AFE8C /* FitViewUITests */ = {
			isa = PBXNativeTarget;
			buildConfigurationList = B5AC1A752CCEF186000AFE8C /* Build configuration list for PBXNativeTarget "FitViewUITests" */;
			buildPhases = (
				B5AC1A612CCEF186000AFE8C /* Sources */,
				B5AC1A622CCEF186000AFE8C /* Frameworks */,
				B5AC1A632CCEF186000AFE8C /* Resources */,
			);
			buildRules = (
			);
			dependencies = (
				B5AC1A672CCEF186000AFE8C /* PBXTargetDependency */,
			);
			fileSystemSynchronizedGroups = (
				B5AC1A682CCEF186000AFE8C /* FitViewUITests */,
			);
			name = FitViewUITests;
			packageProductDependencies = (
			);
			productName = FitViewUITests;
			productReference = B5AC1A652CCEF186000AFE8C /* FitViewUITests.xctest */;
			productType = "com.apple.product-type.bundle.ui-testing";
		};
/* End PBXNativeTarget section */

/* Begin PBXProject section */
		B5AC1A422CCEF184000AFE8C /* Project object */ = {
			isa = PBXProject;
			attributes = {
				BuildIndependentTargetsInParallel = 1;
				LastSwiftUpdateCheck = 1600;
				LastUpgradeCheck = 1600;
				TargetAttributes = {
					B5AC1A492CCEF184000AFE8C = {
						CreatedOnToolsVersion = 16.0;
					};
					B5AC1A5A2CCEF186000AFE8C = {
						CreatedOnToolsVersion = 16.0;
						TestTargetID = B5AC1A492CCEF184000AFE8C;
					};
					B5AC1A642CCEF186000AFE8C = {
						CreatedOnToolsVersion = 16.0;
						TestTargetID = B5AC1A492CCEF184000AFE8C;
					};
				};
			};
			buildConfigurationList = B5AC1A452CCEF184000AFE8C /* Build configuration list for PBXProject "FitView" */;
			developmentRegion = en;
			hasScannedForEncodings = 0;
			knownRegions = (
				en,
				Base,
			);
			mainGroup = B5AC1A412CCEF184000AFE8C;
			minimizedProjectReferenceProxies = 1;
			preferredProjectObjectVersion = 77;
			productRefGroup = B5AC1A4B2CCEF184000AFE8C /* Products */;
			projectDirPath = "";
			projectRoot = "";
			targets = (
				B5AC1A492CCEF184000AFE8C /* FitView */,
				B5AC1A5A2CCEF186000AFE8C /* FitViewTests */,
				B5AC1A642CCEF186000AFE8C /* FitViewUITests */,
			);
		};
/* End PBXProject section */

/* Begin PBXResourcesBuildPhase section */
		B5AC1A482CCEF184000AFE8C /* Resources */ = {
			isa = PBXResourcesBuildPhase;
			buildActionMask = 2147483647;
			files = (
				B59E17852CE3EBFD0037DA39 /* Preview Assets.xcassets in Resources */,
				B57F63FB2D0AFF0E008AB84E /* situpicon.png in Resources */,
				B57F63FC2D0AFF0E008AB84E /* squaticon.png in Resources */,
				B57F63FD2D0AFF0E008AB84E /* pushupicon.png in Resources */,
				B54BAA702D0F81EA00A27586 /* README.markdown in Resources */,
				B57F63FE2D0AFF0E008AB84E /* lungeicon.png in Resources */,
				B59E17862CE3EBFD0037DA39 /* Assets.xcassets in Resources */,
			);
			runOnlyForDeploymentPostprocessing = 0;
		};
		B5AC1A592CCEF186000AFE8C /* Resources */ = {
			isa = PBXResourcesBuildPhase;
			buildActionMask = 2147483647;
			files = (
			);
			runOnlyForDeploymentPostprocessing = 0;
		};
		B5AC1A632CCEF186000AFE8C /* Resources */ = {
			isa = PBXResourcesBuildPhase;
			buildActionMask = 2147483647;
			files = (
			);
			runOnlyForDeploymentPostprocessing = 0;
		};
/* End PBXResourcesBuildPhase section */

/* Begin PBXSourcesBuildPhase section */
		B5AC1A462CCEF184000AFE8C /* Sources */ = {
			isa = PBXSourcesBuildPhase;
			buildActionMask = 2147483647;
			files = (
				B59E17882CE40ECE0037DA39 /* MobileView.swift in Sources */,
				B59E177F2CE3EBFD0037DA39 /* FitViewApp.swift in Sources */,
				B57F63F42D0AFC9B008AB84E /* IndicatorSitup.swift in Sources */,
				B59E178A2CE40F4C0037DA39 /* Extensions.swift in Sources */,
				B59E17812CE3EBFD0037DA39 /* PlatformAgnosticViewRepresentable.swift in Sources */,
				B52C66B52D0966BB00A526CB /* LiveCameraImage.swift in Sources */,
				B57F63F62D0AFD55008AB84E /* Count.swift in Sources */,
				B59E17842CE3EBFD0037DA39 /* ViewModel.swift in Sources */,
			);
			runOnlyForDeploymentPostprocessing = 0;
		};
		B5AC1A572CCEF186000AFE8C /* Sources */ = {
			isa = PBXSourcesBuildPhase;
			buildActionMask = 2147483647;
			files = (
			);
			runOnlyForDeploymentPostprocessing = 0;
		};
		B5AC1A612CCEF186000AFE8C /* Sources */ = {
			isa = PBXSourcesBuildPhase;
			buildActionMask = 2147483647;
			files = (
			);
			runOnlyForDeploymentPostprocessing = 0;
		};
/* End PBXSourcesBuildPhase section */

/* Begin PBXTargetDependency section */
		B5AC1A5D2CCEF186000AFE8C /* PBXTargetDependency */ = {
			isa = PBXTargetDependency;
			target = B5AC1A492CCEF184000AFE8C /* FitView */;
			targetProxy = B5AC1A5C2CCEF186000AFE8C /* PBXContainerItemProxy */;
		};
		B5AC1A672CCEF186000AFE8C /* PBXTargetDependency */ = {
			isa = PBXTargetDependency;
			target = B5AC1A492CCEF184000AFE8C /* FitView */;
			targetProxy = B5AC1A662CCEF186000AFE8C /* PBXContainerItemProxy */;
		};
/* End PBXTargetDependency section */

/* Begin XCBuildConfiguration section */
		B5AC1A6D2CCEF186000AFE8C /* Debug */ = {
			isa = XCBuildConfiguration;
			buildSettings = {
				ALWAYS_SEARCH_USER_PATHS = NO;
				ASSETCATALOG_COMPILER_GENERATE_SWIFT_ASSET_SYMBOL_EXTENSIONS = YES;
				CLANG_ANALYZER_NONNULL = YES;
				CLANG_ANALYZER_NUMBER_OBJECT_CONVERSION = YES_AGGRESSIVE;
				CLANG_CXX_LANGUAGE_STANDARD = "gnu++20";
				CLANG_ENABLE_MODULES = YES;
				CLANG_ENABLE_OBJC_ARC = YES;
				CLANG_ENABLE_OBJC_WEAK = YES;
				CLANG_WARN_BLOCK_CAPTURE_AUTORELEASING = YES;
				CLANG_WARN_BOOL_CONVERSION = YES;
				CLANG_WARN_COMMA = YES;
				CLANG_WARN_CONSTANT_CONVERSION = YES;
				CLANG_WARN_DEPRECATED_OBJC_IMPLEMENTATIONS = YES;
				CLANG_WARN_DIRECT_OBJC_ISA_USAGE = YES_ERROR;
				CLANG_WARN_DOCUMENTATION_COMMENTS = YES;
				CLANG_WARN_EMPTY_BODY = YES;
				CLANG_WARN_ENUM_CONVERSION = YES;
				CLANG_WARN_INFINITE_RECURSION = YES;
				CLANG_WARN_INT_CONVERSION = YES;
				CLANG_WARN_NON_LITERAL_NULL_CONVERSION = YES;
				CLANG_WARN_OBJC_IMPLICIT_RETAIN_SELF = YES;
				CLANG_WARN_OBJC_LITERAL_CONVERSION = YES;
				CLANG_WARN_OBJC_ROOT_CLASS = YES_ERROR;
				CLANG_WARN_QUOTED_INCLUDE_IN_FRAMEWORK_HEADER = YES;
				CLANG_WARN_RANGE_LOOP_ANALYSIS = YES;
				CLANG_WARN_STRICT_PROTOTYPES = YES;
				CLANG_WARN_SUSPICIOUS_MOVE = YES;
				CLANG_WARN_UNGUARDED_AVAILABILITY = YES_AGGRESSIVE;
				CLANG_WARN_UNREACHABLE_CODE = YES;
				CLANG_WARN__DUPLICATE_METHOD_MATCH = YES;
				COPY_PHASE_STRIP = NO;
				DEBUG_INFORMATION_FORMAT = dwarf;
				ENABLE_STRICT_OBJC_MSGSEND = YES;
				ENABLE_TESTABILITY = YES;
				ENABLE_USER_SCRIPT_SANDBOXING = YES;
				GCC_C_LANGUAGE_STANDARD = gnu17;
				GCC_DYNAMIC_NO_PIC = NO;
				GCC_NO_COMMON_BLOCKS = YES;
				GCC_OPTIMIZATION_LEVEL = 0;
				GCC_PREPROCESSOR_DEFINITIONS = (
					"DEBUG=1",
					"$(inherited)",
				);
				GCC_WARN_64_TO_32_BIT_CONVERSION = YES;
				GCC_WARN_ABOUT_RETURN_TYPE = YES_ERROR;
				GCC_WARN_UNDECLARED_SELECTOR = YES;
				GCC_WARN_UNINITIALIZED_AUTOS = YES_AGGRESSIVE;
				GCC_WARN_UNUSED_FUNCTION = YES;
				GCC_WARN_UNUSED_VARIABLE = YES;
				LOCALIZATION_PREFERS_STRING_CATALOGS = YES;
				MTL_ENABLE_DEBUG_INFO = INCLUDE_SOURCE;
				MTL_FAST_MATH = YES;
				ONLY_ACTIVE_ARCH = YES;
				SWIFT_ACTIVE_COMPILATION_CONDITIONS = "DEBUG $(inherited)";
				SWIFT_OPTIMIZATION_LEVEL = "-Onone";
			};
			name = Debug;
		};
		B5AC1A6E2CCEF186000AFE8C /* Release */ = {
			isa = XCBuildConfiguration;
			buildSettings = {
				ALWAYS_SEARCH_USER_PATHS = NO;
				ASSETCATALOG_COMPILER_GENERATE_SWIFT_ASSET_SYMBOL_EXTENSIONS = YES;
				CLANG_ANALYZER_NONNULL = YES;
				CLANG_ANALYZER_NUMBER_OBJECT_CONVERSION = YES_AGGRESSIVE;
				CLANG_CXX_LANGUAGE_STANDARD = "gnu++20";
				CLANG_ENABLE_MODULES = YES;
				CLANG_ENABLE_OBJC_ARC = YES;
				CLANG_ENABLE_OBJC_WEAK = YES;
				CLANG_WARN_BLOCK_CAPTURE_AUTORELEASING = YES;
				CLANG_WARN_BOOL_CONVERSION = YES;
				CLANG_WARN_COMMA = YES;
				CLANG_WARN_CONSTANT_CONVERSION = YES;
				CLANG_WARN_DEPRECATED_OBJC_IMPLEMENTATIONS = YES;
				CLANG_WARN_DIRECT_OBJC_ISA_USAGE = YES_ERROR;
				CLANG_WARN_DOCUMENTATION_COMMENTS = YES;
				CLANG_WARN_EMPTY_BODY = YES;
				CLANG_WARN_ENUM_CONVERSION = YES;
				CLANG_WARN_INFINITE_RECURSION = YES;
				CLANG_WARN_INT_CONVERSION = YES;
				CLANG_WARN_NON_LITERAL_NULL_CONVERSION = YES;
				CLANG_WARN_OBJC_IMPLICIT_RETAIN_SELF = YES;
				CLANG_WARN_OBJC_LITERAL_CONVERSION = YES;
				CLANG_WARN_OBJC_ROOT_CLASS = YES_ERROR;
				CLANG_WARN_QUOTED_INCLUDE_IN_FRAMEWORK_HEADER = YES;
				CLANG_WARN_RANGE_LOOP_ANALYSIS = YES;
				CLANG_WARN_STRICT_PROTOTYPES = YES;
				CLANG_WARN_SUSPICIOUS_MOVE = YES;
				CLANG_WARN_UNGUARDED_AVAILABILITY = YES_AGGRESSIVE;
				CLANG_WARN_UNREACHABLE_CODE = YES;
				CLANG_WARN__DUPLICATE_METHOD_MATCH = YES;
				COPY_PHASE_STRIP = NO;
				DEBUG_INFORMATION_FORMAT = "dwarf-with-dsym";
				ENABLE_NS_ASSERTIONS = NO;
				ENABLE_STRICT_OBJC_MSGSEND = YES;
				ENABLE_USER_SCRIPT_SANDBOXING = YES;
				GCC_C_LANGUAGE_STANDARD = gnu17;
				GCC_NO_COMMON_BLOCKS = YES;
				GCC_WARN_64_TO_32_BIT_CONVERSION = YES;
				GCC_WARN_ABOUT_RETURN_TYPE = YES_ERROR;
				GCC_WARN_UNDECLARED_SELECTOR = YES;
				GCC_WARN_UNINITIALIZED_AUTOS = YES_AGGRESSIVE;
				GCC_WARN_UNUSED_FUNCTION = YES;
				GCC_WARN_UNUSED_VARIABLE = YES;
				LOCALIZATION_PREFERS_STRING_CATALOGS = YES;
				MTL_ENABLE_DEBUG_INFO = NO;
				MTL_FAST_MATH = YES;
				SWIFT_COMPILATION_MODE = wholemodule;
			};
			name = Release;
		};
		B5AC1A702CCEF186000AFE8C /* Debug */ = {
			isa = XCBuildConfiguration;
			buildSettings = {
				ASSETCATALOG_COMPILER_APPICON_NAME = AppIcon;
				ASSETCATALOG_COMPILER_GLOBAL_ACCENT_COLOR_NAME = AccentColor;
				CODE_SIGN_ENTITLEMENTS = FitView/FitView.entitlements;
				CODE_SIGN_STYLE = Automatic;
				CURRENT_PROJECT_VERSION = 1;
				DEVELOPMENT_ASSET_PATHS = "\"FitView/Preview Content\"";
				DEVELOPMENT_TEAM = V26UJ3TCJX;
				ENABLE_HARDENED_RUNTIME = YES;
				ENABLE_PREVIEWS = YES;
				GENERATE_INFOPLIST_FILE = YES;
				INFOPLIST_KEY_NSCameraUsageDescription = "To track user exercises";
				"INFOPLIST_KEY_UIApplicationSceneManifest_Generation[sdk=iphoneos*]" = YES;
				"INFOPLIST_KEY_UIApplicationSceneManifest_Generation[sdk=iphonesimulator*]" = YES;
				"INFOPLIST_KEY_UIApplicationSupportsIndirectInputEvents[sdk=iphoneos*]" = YES;
				"INFOPLIST_KEY_UIApplicationSupportsIndirectInputEvents[sdk=iphonesimulator*]" = YES;
				"INFOPLIST_KEY_UILaunchScreen_Generation[sdk=iphoneos*]" = YES;
				"INFOPLIST_KEY_UILaunchScreen_Generation[sdk=iphonesimulator*]" = YES;
				"INFOPLIST_KEY_UIStatusBarStyle[sdk=iphoneos*]" = UIStatusBarStyleDefault;
				"INFOPLIST_KEY_UIStatusBarStyle[sdk=iphonesimulator*]" = UIStatusBarStyleDefault;
				INFOPLIST_KEY_UISupportedInterfaceOrientations_iPad = "UIInterfaceOrientationPortrait UIInterfaceOrientationPortraitUpsideDown UIInterfaceOrientationLandscapeLeft UIInterfaceOrientationLandscapeRight";
				INFOPLIST_KEY_UISupportedInterfaceOrientations_iPhone = "UIInterfaceOrientationPortrait UIInterfaceOrientationLandscapeLeft UIInterfaceOrientationLandscapeRight";
				IPHONEOS_DEPLOYMENT_TARGET = 18.0;
				LD_RUNPATH_SEARCH_PATHS = "@executable_path/Frameworks";
				"LD_RUNPATH_SEARCH_PATHS[sdk=macosx*]" = "@executable_path/../Frameworks";
				MACOSX_DEPLOYMENT_TARGET = 15.0;
				MARKETING_VERSION = 1.0;
				PRODUCT_BUNDLE_IDENTIFIER = KonstantinvonStein.FitView;
				PRODUCT_NAME = "$(TARGET_NAME)";
				SDKROOT = auto;
				SUPPORTED_PLATFORMS = "iphoneos iphonesimulator macosx xros xrsimulator";
				SWIFT_EMIT_LOC_STRINGS = YES;
				SWIFT_VERSION = 5.0;
				TARGETED_DEVICE_FAMILY = "1,2,7";
				XROS_DEPLOYMENT_TARGET = 2.0;
			};
			name = Debug;
		};
		B5AC1A712CCEF186000AFE8C /* Release */ = {
			isa = XCBuildConfiguration;
			buildSettings = {
				ASSETCATALOG_COMPILER_APPICON_NAME = AppIcon;
				ASSETCATALOG_COMPILER_GLOBAL_ACCENT_COLOR_NAME = AccentColor;
				CODE_SIGN_ENTITLEMENTS = FitView/FitView.entitlements;
				CODE_SIGN_STYLE = Automatic;
				CURRENT_PROJECT_VERSION = 1;
				DEVELOPMENT_ASSET_PATHS = "\"FitView/Preview Content\"";
				DEVELOPMENT_TEAM = V26UJ3TCJX;
				ENABLE_HARDENED_RUNTIME = YES;
				ENABLE_PREVIEWS = YES;
				GENERATE_INFOPLIST_FILE = YES;
				INFOPLIST_KEY_NSCameraUsageDescription = "To track user exercises";
				"INFOPLIST_KEY_UIApplicationSceneManifest_Generation[sdk=iphoneos*]" = YES;
				"INFOPLIST_KEY_UIApplicationSceneManifest_Generation[sdk=iphonesimulator*]" = YES;
				"INFOPLIST_KEY_UIApplicationSupportsIndirectInputEvents[sdk=iphoneos*]" = YES;
				"INFOPLIST_KEY_UIApplicationSupportsIndirectInputEvents[sdk=iphonesimulator*]" = YES;
				"INFOPLIST_KEY_UILaunchScreen_Generation[sdk=iphoneos*]" = YES;
				"INFOPLIST_KEY_UILaunchScreen_Generation[sdk=iphonesimulator*]" = YES;
				"INFOPLIST_KEY_UIStatusBarStyle[sdk=iphoneos*]" = UIStatusBarStyleDefault;
				"INFOPLIST_KEY_UIStatusBarStyle[sdk=iphonesimulator*]" = UIStatusBarStyleDefault;
				INFOPLIST_KEY_UISupportedInterfaceOrientations_iPad = "UIInterfaceOrientationPortrait UIInterfaceOrientationPortraitUpsideDown UIInterfaceOrientationLandscapeLeft UIInterfaceOrientationLandscapeRight";
				INFOPLIST_KEY_UISupportedInterfaceOrientations_iPhone = "UIInterfaceOrientationPortrait UIInterfaceOrientationLandscapeLeft UIInterfaceOrientationLandscapeRight";
				IPHONEOS_DEPLOYMENT_TARGET = 18.0;
				LD_RUNPATH_SEARCH_PATHS = "@executable_path/Frameworks";
				"LD_RUNPATH_SEARCH_PATHS[sdk=macosx*]" = "@executable_path/../Frameworks";
				MACOSX_DEPLOYMENT_TARGET = 15.0;
				MARKETING_VERSION = 1.0;
				PRODUCT_BUNDLE_IDENTIFIER = KonstantinvonStein.FitView;
				PRODUCT_NAME = "$(TARGET_NAME)";
				SDKROOT = auto;
				SUPPORTED_PLATFORMS = "iphoneos iphonesimulator macosx xros xrsimulator";
				SWIFT_EMIT_LOC_STRINGS = YES;
				SWIFT_VERSION = 5.0;
				TARGETED_DEVICE_FAMILY = "1,2,7";
				XROS_DEPLOYMENT_TARGET = 2.0;
			};
			name = Release;
		};
		B5AC1A732CCEF186000AFE8C /* Debug */ = {
			isa = XCBuildConfiguration;
			buildSettings = {
				BUNDLE_LOADER = "$(TEST_HOST)";
				CODE_SIGN_STYLE = Automatic;
				CURRENT_PROJECT_VERSION = 1;
				DEVELOPMENT_TEAM = V26UJ3TCJX;
				GENERATE_INFOPLIST_FILE = YES;
				IPHONEOS_DEPLOYMENT_TARGET = 18.0;
				MACOSX_DEPLOYMENT_TARGET = 15.0;
				MARKETING_VERSION = 1.0;
				PRODUCT_BUNDLE_IDENTIFIER = KonstantinvonStein.FitViewTests;
				PRODUCT_NAME = "$(TARGET_NAME)";
				SDKROOT = auto;
				SUPPORTED_PLATFORMS = "iphoneos iphonesimulator macosx xros xrsimulator";
				SWIFT_EMIT_LOC_STRINGS = NO;
				SWIFT_VERSION = 5.0;
				TARGETED_DEVICE_FAMILY = "1,2,7";
				TEST_HOST = "$(BUILT_PRODUCTS_DIR)/FitView.app/$(BUNDLE_EXECUTABLE_FOLDER_PATH)/FitView";
				XROS_DEPLOYMENT_TARGET = 2.0;
			};
			name = Debug;
		};
		B5AC1A742CCEF186000AFE8C /* Release */ = {
			isa = XCBuildConfiguration;
			buildSettings = {
				BUNDLE_LOADER = "$(TEST_HOST)";
				CODE_SIGN_STYLE = Automatic;
				CURRENT_PROJECT_VERSION = 1;
				DEVELOPMENT_TEAM = V26UJ3TCJX;
				GENERATE_INFOPLIST_FILE = YES;
				IPHONEOS_DEPLOYMENT_TARGET = 18.0;
				MACOSX_DEPLOYMENT_TARGET = 15.0;
				MARKETING_VERSION = 1.0;
				PRODUCT_BUNDLE_IDENTIFIER = KonstantinvonStein.FitViewTests;
				PRODUCT_NAME = "$(TARGET_NAME)";
				SDKROOT = auto;
				SUPPORTED_PLATFORMS = "iphoneos iphonesimulator macosx xros xrsimulator";
				SWIFT_EMIT_LOC_STRINGS = NO;
				SWIFT_VERSION = 5.0;
				TARGETED_DEVICE_FAMILY = "1,2,7";
				TEST_HOST = "$(BUILT_PRODUCTS_DIR)/FitView.app/$(BUNDLE_EXECUTABLE_FOLDER_PATH)/FitView";
				XROS_DEPLOYMENT_TARGET = 2.0;
			};
			name = Release;
		};
		B5AC1A762CCEF186000AFE8C /* Debug */ = {
			isa = XCBuildConfiguration;
			buildSettings = {
				CODE_SIGN_STYLE = Automatic;
				CURRENT_PROJECT_VERSION = 1;
				DEVELOPMENT_TEAM = V26UJ3TCJX;
				GENERATE_INFOPLIST_FILE = YES;
				IPHONEOS_DEPLOYMENT_TARGET = 18.0;
				MACOSX_DEPLOYMENT_TARGET = 15.0;
				MARKETING_VERSION = 1.0;
				PRODUCT_BUNDLE_IDENTIFIER = KonstantinvonStein.FitViewUITests;
				PRODUCT_NAME = "$(TARGET_NAME)";
				SDKROOT = auto;
				SUPPORTED_PLATFORMS = "iphoneos iphonesimulator macosx xros xrsimulator";
				SWIFT_EMIT_LOC_STRINGS = NO;
				SWIFT_VERSION = 5.0;
				TARGETED_DEVICE_FAMILY = "1,2,7";
				TEST_TARGET_NAME = FitView;
				XROS_DEPLOYMENT_TARGET = 2.0;
			};
			name = Debug;
		};
		B5AC1A772CCEF186000AFE8C /* Release */ = {
			isa = XCBuildConfiguration;
			buildSettings = {
				CODE_SIGN_STYLE = Automatic;
				CURRENT_PROJECT_VERSION = 1;
				DEVELOPMENT_TEAM = V26UJ3TCJX;
				GENERATE_INFOPLIST_FILE = YES;
				IPHONEOS_DEPLOYMENT_TARGET = 18.0;
				MACOSX_DEPLOYMENT_TARGET = 15.0;
				MARKETING_VERSION = 1.0;
				PRODUCT_BUNDLE_IDENTIFIER = KonstantinvonStein.FitViewUITests;
				PRODUCT_NAME = "$(TARGET_NAME)";
				SDKROOT = auto;
				SUPPORTED_PLATFORMS = "iphoneos iphonesimulator macosx xros xrsimulator";
				SWIFT_EMIT_LOC_STRINGS = NO;
				SWIFT_VERSION = 5.0;
				TARGETED_DEVICE_FAMILY = "1,2,7";
				TEST_TARGET_NAME = FitView;
				XROS_DEPLOYMENT_TARGET = 2.0;
			};
			name = Release;
		};
/* End XCBuildConfiguration section */

/* Begin XCConfigurationList section */
		B5AC1A452CCEF184000AFE8C /* Build configuration list for PBXProject "FitView" */ = {
			isa = XCConfigurationList;
			buildConfigurations = (
				B5AC1A6D2CCEF186000AFE8C /* Debug */,
				B5AC1A6E2CCEF186000AFE8C /* Release */,
			);
			defaultConfigurationIsVisible = 0;
			defaultConfigurationName = Release;
		};
		B5AC1A6F2CCEF186000AFE8C /* Build configuration list for PBXNativeTarget "FitView" */ = {
			isa = XCConfigurationList;
			buildConfigurations = (
				B5AC1A702CCEF186000AFE8C /* Debug */,
				B5AC1A712CCEF186000AFE8C /* Release */,
			);
			defaultConfigurationIsVisible = 0;
			defaultConfigurationName = Release;
		};
		B5AC1A722CCEF186000AFE8C /* Build configuration list for PBXNativeTarget "FitViewTests" */ = {
			isa = XCConfigurationList;
			buildConfigurations = (
				B5AC1A732CCEF186000AFE8C /* Debug */,
				B5AC1A742CCEF186000AFE8C /* Release */,
			);
			defaultConfigurationIsVisible = 0;
			defaultConfigurationName = Release;
		};
		B5AC1A752CCEF186000AFE8C /* Build configuration list for PBXNativeTarget "FitViewUITests" */ = {
			isa = XCConfigurationList;
			buildConfigurations = (
				B5AC1A762CCEF186000AFE8C /* Debug */,
				B5AC1A772CCEF186000AFE8C /* Release */,
			);
			defaultConfigurationIsVisible = 0;
			defaultConfigurationName = Release;
		};
/* End XCConfigurationList section */
	};
	rootObject = B5AC1A422CCEF184000AFE8C /* Project object */;
}
